// !$*UTF8*$!
{
	archiveVersion = 1;
	classes = {
	};
	objectVersion = 50;
	objects = {

/* Begin PBXBuildFile section */
		511389D22210ADBA00F5148A /* Goal.swift in Sources */ = {isa = PBXBuildFile; fileRef = 511389D12210ADBA00F5148A /* Goal.swift */; };
		51BAEFB92214A3CD009BCD99 /* GoalDetailViewController.swift in Sources */ = {isa = PBXBuildFile; fileRef = 51BAEFB82214A3CD009BCD99 /* GoalDetailViewController.swift */; };
		51BAEFBB2214A758009BCD99 /* Quote.swift in Sources */ = {isa = PBXBuildFile; fileRef = 51BAEFBA2214A758009BCD99 /* Quote.swift */; };
		51C8D7B5220CC0850045393E /* AppDelegate.swift in Sources */ = {isa = PBXBuildFile; fileRef = 51C8D7B4220CC0850045393E /* AppDelegate.swift */; };
		51C8D7BA220CC0850045393E /* Main.storyboard in Resources */ = {isa = PBXBuildFile; fileRef = 51C8D7B8220CC0850045393E /* Main.storyboard */; };
		51C8D7BC220CC0860045393E /* Assets.xcassets in Resources */ = {isa = PBXBuildFile; fileRef = 51C8D7BB220CC0860045393E /* Assets.xcassets */; };
		51C8D7BF220CC0860045393E /* LaunchScreen.storyboard in Resources */ = {isa = PBXBuildFile; fileRef = 51C8D7BD220CC0860045393E /* LaunchScreen.storyboard */; };
		51C8D7C7220CC1400045393E /* GoalsTableViewController.swift in Sources */ = {isa = PBXBuildFile; fileRef = 51C8D7C6220CC1400045393E /* GoalsTableViewController.swift */; };
/* End PBXBuildFile section */

/* Begin PBXFileReference section */
		511389D12210ADBA00F5148A /* Goal.swift */ = {isa = PBXFileReference; lastKnownFileType = sourcecode.swift; path = Goal.swift; sourceTree = "<group>"; };
		51BAEFB82214A3CD009BCD99 /* GoalDetailViewController.swift */ = {isa = PBXFileReference; lastKnownFileType = sourcecode.swift; path = GoalDetailViewController.swift; sourceTree = "<group>"; };
		51BAEFBA2214A758009BCD99 /* Quote.swift */ = {isa = PBXFileReference; lastKnownFileType = sourcecode.swift; path = Quote.swift; sourceTree = "<group>"; };
		51C8D7B1220CC0850045393E /* Dream Goalz.app */ = {isa = PBXFileReference; explicitFileType = wrapper.application; includeInIndex = 0; path = "Dream Goalz.app"; sourceTree = BUILT_PRODUCTS_DIR; };
		51C8D7B4220CC0850045393E /* AppDelegate.swift */ = {isa = PBXFileReference; lastKnownFileType = sourcecode.swift; path = AppDelegate.swift; sourceTree = "<group>"; };
		51C8D7B9220CC0850045393E /* Base */ = {isa = PBXFileReference; lastKnownFileType = file.storyboard; name = Base; path = Base.lproj/Main.storyboard; sourceTree = "<group>"; };
		51C8D7BB220CC0860045393E /* Assets.xcassets */ = {isa = PBXFileReference; lastKnownFileType = folder.assetcatalog; path = Assets.xcassets; sourceTree = "<group>"; };
		51C8D7BE220CC0860045393E /* Base */ = {isa = PBXFileReference; lastKnownFileType = file.storyboard; name = Base; path = Base.lproj/LaunchScreen.storyboard; sourceTree = "<group>"; };
		51C8D7C0220CC0860045393E /* Info.plist */ = {isa = PBXFileReference; lastKnownFileType = text.plist.xml; path = Info.plist; sourceTree = "<group>"; };
		51C8D7C6220CC1400045393E /* GoalsTableViewController.swift */ = {isa = PBXFileReference; lastKnownFileType = sourcecode.swift; path = GoalsTableViewController.swift; sourceTree = "<group>"; };
/* End PBXFileReference section */

/* Begin PBXFrameworksBuildPhase section */
		51C8D7AE220CC0850045393E /* Frameworks */ = {
			isa = PBXFrameworksBuildPhase;
			buildActionMask = 2147483647;
			files = (
			);
			runOnlyForDeploymentPostprocessing = 0;
		};
/* End PBXFrameworksBuildPhase section */

/* Begin PBXGroup section */
		51C8D7A8220CC0850045393E = {
			isa = PBXGroup;
			children = (
				51C8D7B3220CC0850045393E /* Dream Goalz */,
				51C8D7B2220CC0850045393E /* Products */,
			);
			sourceTree = "<group>";
		};
		51C8D7B2220CC0850045393E /* Products */ = {
			isa = PBXGroup;
			children = (
				51C8D7B1220CC0850045393E /* Dream Goalz.app */,
			);
			name = Products;
			sourceTree = "<group>";
		};
		51C8D7B3220CC0850045393E /* Dream Goalz */ = {
			isa = PBXGroup;
			children = (
				51C8D7B4220CC0850045393E /* AppDelegate.swift */,
				51C8D7B8220CC0850045393E /* Main.storyboard */,
				51C8D7BB220CC0860045393E /* Assets.xcassets */,
				51C8D7BD220CC0860045393E /* LaunchScreen.storyboard */,
				51C8D7C0220CC0860045393E /* Info.plist */,
				51C8D7C6220CC1400045393E /* GoalsTableViewController.swift */,
				511389D12210ADBA00F5148A /* Goal.swift */,
				51BAEFB82214A3CD009BCD99 /* GoalDetailViewController.swift */,
				51BAEFBA2214A758009BCD99 /* Quote.swift */,
			);
			path = "Dream Goalz";
			sourceTree = "<group>";
		};
/* End PBXGroup section */

/* Begin PBXNativeTarget section */
		51C8D7B0220CC0850045393E /* Dream Goalz */ = {
			isa = PBXNativeTarget;
			buildConfigurationList = 51C8D7C3220CC0860045393E /* Build configuration list for PBXNativeTarget "Dream Goalz" */;
			buildPhases = (
				51C8D7AD220CC0850045393E /* Sources */,
				51C8D7AE220CC0850045393E /* Frameworks */,
				51C8D7AF220CC0850045393E /* Resources */,
			);
			buildRules = (
			);
			dependencies = (
			);
			name = "Dream Goalz";
			productName = "Dream Goalz";
			productReference = 51C8D7B1220CC0850045393E /* Dream Goalz.app */;
			productType = "com.apple.product-type.application";
		};
/* End PBXNativeTarget section */

/* Begin PBXProject section */
		51C8D7A9220CC0850045393E /* Project object */ = {
			isa = PBXProject;
			attributes = {
				LastSwiftUpdateCheck = 1010;
				LastUpgradeCheck = 1010;
				ORGANIZATIONNAME = "Code Disciple";
				TargetAttributes = {
					51C8D7B0220CC0850045393E = {
						CreatedOnToolsVersion = 10.1;
					};
				};
			};
			buildConfigurationList = 51C8D7AC220CC0850045393E /* Build configuration list for PBXProject "Dream Goalz" */;
			compatibilityVersion = "Xcode 9.3";
			developmentRegion = en;
			hasScannedForEncodings = 0;
			knownRegions = (
				en,
				Base,
			);
			mainGroup = 51C8D7A8220CC0850045393E;
			productRefGroup = 51C8D7B2220CC0850045393E /* Products */;
			projectDirPath = "";
			projectRoot = "";
			targets = (
				51C8D7B0220CC0850045393E /* Dream Goalz */,
			);
		};
/* End PBXProject section */

/* Begin PBXResourcesBuildPhase section */
		51C8D7AF220CC0850045393E /* Resources */ = {
			isa = PBXResourcesBuildPhase;
			buildActionMask = 2147483647;
			files = (
				51C8D7BF220CC0860045393E /* LaunchScreen.storyboard in Resources */,
				51C8D7BC220CC0860045393E /* Assets.xcassets in Resources */,
				51C8D7BA220CC0850045393E /* Main.storyboard in Resources */,
			);
			runOnlyForDeploymentPostprocessing = 0;
		};
/* End PBXResourcesBuildPhase section */

/* Begin PBXSourcesBuildPhase section */
		51C8D7AD220CC0850045393E /* Sources */ = {
			isa = PBXSourcesBuildPhase;
			buildActionMask = 2147483647;
			files = (
				51C8D7C7220CC1400045393E /* GoalsTableViewController.swift in Sources */,
				511389D22210ADBA00F5148A /* Goal.swift in Sources */,
				51BAEFB92214A3CD009BCD99 /* GoalDetailViewController.swift in Sources */,
				51BAEFBB2214A758009BCD99 /* Quote.swift in Sources */,
				51C8D7B5220CC0850045393E /* AppDelegate.swift in Sources */,
			);
			runOnlyForDeploymentPostprocessing = 0;
		};
/* End PBXSourcesBuildPhase section */

/* Begin PBXVariantGroup section */
		51C8D7B8220CC0850045393E /* Main.storyboard */ = {
			isa = PBXVariantGroup;
			children = (
				51C8D7B9220CC0850045393E /* Base */,
			);
			name = Main.storyboard;
			sourceTree = "<group>";
		};
		51C8D7BD220CC0860045393E /* LaunchScreen.storyboard */ = {
			isa = PBXVariantGroup;
			children = (
				51C8D7BE220CC0860045393E /* Base */,
			);
			name = LaunchScreen.storyboard;
			sourceTree = "<group>";
		};
/* End PBXVariantGroup section */

/* Begin XCBuildConfiguration section */
		51C8D7C1220CC0860045393E /* Debug */ = {
			isa = XCBuildConfiguration;
			buildSettings = {
				ALWAYS_SEARCH_USER_PATHS = NO;
				CLANG_ANALYZER_NONNULL = YES;
				CLANG_ANALYZER_NUMBER_OBJECT_CONVERSION = YES_AGGRESSIVE;
				CLANG_CXX_LANGUAGE_STANDARD = "gnu++14";
				CLANG_CXX_LIBRARY = "libc++";
				CLANG_ENABLE_MODULES = YES;
				CLANG_ENABLE_OBJC_ARC = YES;
				CLANG_ENABLE_OBJC_WEAK = YES;
				CLANG_WARN_BLOCK_CAPTURE_AUTORELEASING = YES;
				CLANG_WARN_BOOL_CONVERSION = YES;
				CLANG_WARN_COMMA = YES;
				CLANG_WARN_CONSTANT_CONVERSION = YES;
				CLANG_WARN_DEPRECATED_OBJC_IMPLEMENTATIONS = YES;
				CLANG_WARN_DIRECT_OBJC_ISA_USAGE = YES_ERROR;
				CLANG_WARN_DOCUMENTATION_COMMENTS = YES;
				CLANG_WARN_EMPTY_BODY = YES;
				CLANG_WARN_ENUM_CONVERSION = YES;
				CLANG_WARN_INFINITE_RECURSION = YES;
				CLANG_WARN_INT_CONVERSION = YES;
				CLANG_WARN_NON_LITERAL_NULL_CONVERSION = YES;
				CLANG_WARN_OBJC_IMPLICIT_RETAIN_SELF = YES;
				CLANG_WARN_OBJC_LITERAL_CONVERSION = YES;
				CLANG_WARN_OBJC_ROOT_CLASS = YES_ERROR;
				CLANG_WARN_RANGE_LOOP_ANALYSIS = YES;
				CLANG_WARN_STRICT_PROTOTYPES = YES;
				CLANG_WARN_SUSPICIOUS_MOVE = YES;
				CLANG_WARN_UNGUARDED_AVAILABILITY = YES_AGGRESSIVE;
				CLANG_WARN_UNREACHABLE_CODE = YES;
				CLANG_WARN__DUPLICATE_METHOD_MATCH = YES;
				CODE_SIGN_IDENTITY = "iPhone Developer";
				COPY_PHASE_STRIP = NO;
				DEBUG_INFORMATION_FORMAT = dwarf;
				ENABLE_STRICT_OBJC_MSGSEND = YES;
				ENABLE_TESTABILITY = YES;
				GCC_C_LANGUAGE_STANDARD = gnu11;
				GCC_DYNAMIC_NO_PIC = NO;
				GCC_NO_COMMON_BLOCKS = YES;
				GCC_OPTIMIZATION_LEVEL = 0;
				GCC_PREPROCESSOR_DEFINITIONS = (
					"DEBUG=1",
					"$(inherited)",
				);
				GCC_WARN_64_TO_32_BIT_CONVERSION = YES;
				GCC_WARN_ABOUT_RETURN_TYPE = YES_ERROR;
				GCC_WARN_UNDECLARED_SELECTOR = YES;
				GCC_WARN_UNINITIALIZED_AUTOS = YES_AGGRESSIVE;
				GCC_WARN_UNUSED_FUNCTION = YES;
				GCC_WARN_UNUSED_VARIABLE = YES;
				IPHONEOS_DEPLOYMENT_TARGET = 12.1;
				MTL_ENABLE_DEBUG_INFO = INCLUDE_SOURCE;
				MTL_FAST_MATH = YES;
				ONLY_ACTIVE_ARCH = YES;
				SDKROOT = iphoneos;
				SWIFT_ACTIVE_COMPILATION_CONDITIONS = DEBUG;
				SWIFT_OPTIMIZATION_LEVEL = "-Onone";
			};
			name = Debug;
		};
		51C8D7C2220CC0860045393E /* Release */ = {
			isa = XCBuildConfiguration;
			buildSettings = {
				ALWAYS_SEARCH_USER_PATHS = NO;
				CLANG_ANALYZER_NONNULL = YES;
				CLANG_ANALYZER_NUMBER_OBJECT_CONVERSION = YES_AGGRESSIVE;
				CLANG_CXX_LANGUAGE_STANDARD = "gnu++14";
				CLANG_CXX_LIBRARY = "libc++";
				CLANG_ENABLE_MODULES = YES;
				CLANG_ENABLE_OBJC_ARC = YES;
				CLANG_ENABLE_OBJC_WEAK = YES;
				CLANG_WARN_BLOCK_CAPTURE_AUTORELEASING = YES;
				CLANG_WARN_BOOL_CONVERSION = YES;
				CLANG_WARN_COMMA = YES;
				CLANG_WARN_CONSTANT_CONVERSION = YES;
				CLANG_WARN_DEPRECATED_OBJC_IMPLEMENTATIONS = YES;
				CLANG_WARN_DIRECT_OBJC_ISA_USAGE = YES_ERROR;
				CLANG_WARN_DOCUMENTATION_COMMENTS = YES;
				CLANG_WARN_EMPTY_BODY = YES;
				CLANG_WARN_ENUM_CONVERSION = YES;
				CLANG_WARN_INFINITE_RECURSION = YES;
				CLANG_WARN_INT_CONVERSION = YES;
				CLANG_WARN_NON_LITERAL_NULL_CONVERSION = YES;
				CLANG_WARN_OBJC_IMPLICIT_RETAIN_SELF = YES;
				CLANG_WARN_OBJC_LITERAL_CONVERSION = YES;
				CLANG_WARN_OBJC_ROOT_CLASS = YES_ERROR;
				CLANG_WARN_RANGE_LOOP_ANALYSIS = YES;
				CLANG_WARN_STRICT_PROTOTYPES = YES;
				CLANG_WARN_SUSPICIOUS_MOVE = YES;
				CLANG_WARN_UNGUARDED_AVAILABILITY = YES_AGGRESSIVE;
				CLANG_WARN_UNREACHABLE_CODE = YES;
				CLANG_WARN__DUPLICATE_METHOD_MATCH = YES;
				CODE_SIGN_IDENTITY = "iPhone Developer";
				COPY_PHASE_STRIP = NO;
				DEBUG_INFORMATION_FORMAT = "dwarf-with-dsym";
				ENABLE_NS_ASSERTIONS = NO;
				ENABLE_STRICT_OBJC_MSGSEND = YES;
				GCC_C_LANGUAGE_STANDARD = gnu11;
				GCC_NO_COMMON_BLOCKS = YES;
				GCC_WARN_64_TO_32_BIT_CONVERSION = YES;
				GCC_WARN_ABOUT_RETURN_TYPE = YES_ERROR;
				GCC_WARN_UNDECLARED_SELECTOR = YES;
				GCC_WARN_UNINITIALIZED_AUTOS = YES_AGGRESSIVE;
				GCC_WARN_UNUSED_FUNCTION = YES;
				GCC_WARN_UNUSED_VARIABLE = YES;
				IPHONEOS_DEPLOYMENT_TARGET = 12.1;
				MTL_ENABLE_DEBUG_INFO = NO;
				MTL_FAST_MATH = YES;
				SDKROOT = iphoneos;
				SWIFT_COMPILATION_MODE = wholemodule;
				SWIFT_OPTIMIZATION_LEVEL = "-O";
				VALIDATE_PRODUCT = YES;
			};
			name = Release;
		};
		51C8D7C4220CC0860045393E /* Debug */ = {
			isa = XCBuildConfiguration;
			buildSettings = {
				ASSETCATALOG_COMPILER_APPICON_NAME = AppIcon;
				CODE_SIGN_STYLE = Automatic;
				DEVELOPMENT_TEAM = UXSJNQ32KF;
				INFOPLIST_FILE = "Dream Goalz/Info.plist";
				LD_RUNPATH_SEARCH_PATHS = (
					"$(inherited)",
					"@executable_path/Frameworks",
				);
				PRODUCT_BUNDLE_IDENTIFIER = "com.code-disciple.dreamGoalz.Dream-Goalz";
				PRODUCT_NAME = "$(TARGET_NAME)";
				SWIFT_VERSION = 4.2;
				TARGETED_DEVICE_FAMILY = "1,2";
			};
			name = Debug;
		};
		51C8D7C5220CC0860045393E /* Release */ = {
			isa = XCBuildConfiguration;
			buildSettings = {
				ASSETCATALOG_COMPILER_APPICON_NAME = AppIcon;
				CODE_SIGN_STYLE = Automatic;
				DEVELOPMENT_TEAM = UXSJNQ32KF;
				INFOPLIST_FILE = "Dream Goalz/Info.plist";
				LD_RUNPATH_SEARCH_PATHS = (
					"$(inherited)",
					"@executable_path/Frameworks",
				);
				PRODUCT_BUNDLE_IDENTIFIER = "com.code-disciple.dreamGoalz.Dream-Goalz";
				PRODUCT_NAME = "$(TARGET_NAME)";
				SWIFT_VERSION = 4.2;
				TARGETED_DEVICE_FAMILY = "1,2";
			};
			name = Release;
		};
/* End XCBuildConfiguration section */

/* Begin XCConfigurationList section */
		51C8D7AC220CC0850045393E /* Build configuration list for PBXProject "Dream Goalz" */ = {
			isa = XCConfigurationList;
			buildConfigurations = (
				51C8D7C1220CC0860045393E /* Debug */,
				51C8D7C2220CC0860045393E /* Release */,
			);
			defaultConfigurationIsVisible = 0;
			defaultConfigurationName = Release;
		};
		51C8D7C3220CC0860045393E /* Build configuration list for PBXNativeTarget "Dream Goalz" */ = {
			isa = XCConfigurationList;
			buildConfigurations = (
				51C8D7C4220CC0860045393E /* Debug */,
				51C8D7C5220CC0860045393E /* Release */,
			);
			defaultConfigurationIsVisible = 0;
			defaultConfigurationName = Release;
		};
/* End XCConfigurationList section */
	};
	rootObject = 51C8D7A9220CC0850045393E /* Project object */;
}
